// !$*UTF8*$!
{
	archiveVersion = 1;
	classes = {
	};
	objectVersion = 56;
	objects = {

/* Begin PBXBuildFile section */
		83DEBEA02B7BA12300821B4E /* PrettyPrintingApp.swift in Sources */ = {isa = PBXBuildFile; fileRef = 83DEBE9F2B7BA12300821B4E /* PrettyPrintingApp.swift */; };
		83DEBEA22B7BA12300821B4E /* ContentView.swift in Sources */ = {isa = PBXBuildFile; fileRef = 83DEBEA12B7BA12300821B4E /* ContentView.swift */; };
		83DEBEA42B7BA12400821B4E /* Assets.xcassets in Resources */ = {isa = PBXBuildFile; fileRef = 83DEBEA32B7BA12400821B4E /* Assets.xcassets */; };
		83DEBEA82B7BA12400821B4E /* Preview Assets.xcassets in Resources */ = {isa = PBXBuildFile; fileRef = 83DEBEA72B7BA12400821B4E /* Preview Assets.xcassets */; };
		83DEBEB22B7BA12500821B4E /* PrettyPrintingTests.swift in Sources */ = {isa = PBXBuildFile; fileRef = 83DEBEB12B7BA12500821B4E /* PrettyPrintingTests.swift */; };
		83DEBEBC2B7BA12500821B4E /* PrettyPrintingUITests.swift in Sources */ = {isa = PBXBuildFile; fileRef = 83DEBEBB2B7BA12500821B4E /* PrettyPrintingUITests.swift */; };
		83DEBEBE2B7BA12500821B4E /* PrettyPrintingUITestsLaunchTests.swift in Sources */ = {isa = PBXBuildFile; fileRef = 83DEBEBD2B7BA12500821B4E /* PrettyPrintingUITestsLaunchTests.swift */; };
/* End PBXBuildFile section */

/* Begin PBXContainerItemProxy section */
		83DEBEAE2B7BA12500821B4E /* PBXContainerItemProxy */ = {
			isa = PBXContainerItemProxy;
			containerPortal = 83DEBE942B7BA12300821B4E /* Project object */;
			proxyType = 1;
			remoteGlobalIDString = 83DEBE9B2B7BA12300821B4E;
			remoteInfo = PrettyPrinting;
		};
		83DEBEB82B7BA12500821B4E /* PBXContainerItemProxy */ = {
			isa = PBXContainerItemProxy;
			containerPortal = 83DEBE942B7BA12300821B4E /* Project object */;
			proxyType = 1;
			remoteGlobalIDString = 83DEBE9B2B7BA12300821B4E;
			remoteInfo = PrettyPrinting;
		};
/* End PBXContainerItemProxy section */

/* Begin PBXFileReference section */
		83DEBE9C2B7BA12300821B4E /* PrettyPrinting.app */ = {isa = PBXFileReference; explicitFileType = wrapper.application; includeInIndex = 0; path = PrettyPrinting.app; sourceTree = BUILT_PRODUCTS_DIR; };
		83DEBE9F2B7BA12300821B4E /* PrettyPrintingApp.swift */ = {isa = PBXFileReference; lastKnownFileType = sourcecode.swift; path = PrettyPrintingApp.swift; sourceTree = "<group>"; };
		83DEBEA12B7BA12300821B4E /* ContentView.swift */ = {isa = PBXFileReference; lastKnownFileType = sourcecode.swift; path = ContentView.swift; sourceTree = "<group>"; };
		83DEBEA32B7BA12400821B4E /* Assets.xcassets */ = {isa = PBXFileReference; lastKnownFileType = folder.assetcatalog; path = Assets.xcassets; sourceTree = "<group>"; };
		83DEBEA52B7BA12400821B4E /* PrettyPrinting.entitlements */ = {isa = PBXFileReference; lastKnownFileType = text.plist.entitlements; path = PrettyPrinting.entitlements; sourceTree = "<group>"; };
		83DEBEA72B7BA12400821B4E /* Preview Assets.xcassets */ = {isa = PBXFileReference; lastKnownFileType = folder.assetcatalog; path = "Preview Assets.xcassets"; sourceTree = "<group>"; };
		83DEBEAD2B7BA12500821B4E /* PrettyPrintingTests.xctest */ = {isa = PBXFileReference; explicitFileType = wrapper.cfbundle; includeInIndex = 0; path = PrettyPrintingTests.xctest; sourceTree = BUILT_PRODUCTS_DIR; };
		83DEBEB12B7BA12500821B4E /* PrettyPrintingTests.swift */ = {isa = PBXFileReference; lastKnownFileType = sourcecode.swift; path = PrettyPrintingTests.swift; sourceTree = "<group>"; };
		83DEBEB72B7BA12500821B4E /* PrettyPrintingUITests.xctest */ = {isa = PBXFileReference; explicitFileType = wrapper.cfbundle; includeInIndex = 0; path = PrettyPrintingUITests.xctest; sourceTree = BUILT_PRODUCTS_DIR; };
		83DEBEBB2B7BA12500821B4E /* PrettyPrintingUITests.swift */ = {isa = PBXFileReference; lastKnownFileType = sourcecode.swift; path = PrettyPrintingUITests.swift; sourceTree = "<group>"; };
		83DEBEBD2B7BA12500821B4E /* PrettyPrintingUITestsLaunchTests.swift */ = {isa = PBXFileReference; lastKnownFileType = sourcecode.swift; path = PrettyPrintingUITestsLaunchTests.swift; sourceTree = "<group>"; };
/* End PBXFileReference section */

/* Begin PBXFrameworksBuildPhase section */
		83DEBE992B7BA12300821B4E /* Frameworks */ = {
			isa = PBXFrameworksBuildPhase;
			buildActionMask = 2147483647;
			files = (
			);
			runOnlyForDeploymentPostprocessing = 0;
		};
		83DEBEAA2B7BA12500821B4E /* Frameworks */ = {
			isa = PBXFrameworksBuildPhase;
			buildActionMask = 2147483647;
			files = (
			);
			runOnlyForDeploymentPostprocessing = 0;
		};
		83DEBEB42B7BA12500821B4E /* Frameworks */ = {
			isa = PBXFrameworksBuildPhase;
			buildActionMask = 2147483647;
			files = (
			);
			runOnlyForDeploymentPostprocessing = 0;
		};
/* End PBXFrameworksBuildPhase section */

/* Begin PBXGroup section */
		83DEBE932B7BA12300821B4E = {
			isa = PBXGroup;
			children = (
				83DEBE9E2B7BA12300821B4E /* PrettyPrinting */,
				83DEBEB02B7BA12500821B4E /* PrettyPrintingTests */,
				83DEBEBA2B7BA12500821B4E /* PrettyPrintingUITests */,
				83DEBE9D2B7BA12300821B4E /* Products */,
			);
			sourceTree = "<group>";
		};
		83DEBE9D2B7BA12300821B4E /* Products */ = {
			isa = PBXGroup;
			children = (
				83DEBE9C2B7BA12300821B4E /* PrettyPrinting.app */,
				83DEBEAD2B7BA12500821B4E /* PrettyPrintingTests.xctest */,
				83DEBEB72B7BA12500821B4E /* PrettyPrintingUITests.xctest */,
			);
			name = Products;
			sourceTree = "<group>";
		};
		83DEBE9E2B7BA12300821B4E /* PrettyPrinting */ = {
			isa = PBXGroup;
			children = (
				83DEBE9F2B7BA12300821B4E /* PrettyPrintingApp.swift */,
				83DEBEA12B7BA12300821B4E /* ContentView.swift */,
				83DEBEA32B7BA12400821B4E /* Assets.xcassets */,
				83DEBEA52B7BA12400821B4E /* PrettyPrinting.entitlements */,
				83DEBEA62B7BA12400821B4E /* Preview Content */,
			);
			path = PrettyPrinting;
			sourceTree = "<group>";
		};
		83DEBEA62B7BA12400821B4E /* Preview Content */ = {
			isa = PBXGroup;
			children = (
				83DEBEA72B7BA12400821B4E /* Preview Assets.xcassets */,
			);
			path = "Preview Content";
			sourceTree = "<group>";
		};
		83DEBEB02B7BA12500821B4E /* PrettyPrintingTests */ = {
			isa = PBXGroup;
			children = (
				83DEBEB12B7BA12500821B4E /* PrettyPrintingTests.swift */,
			);
			path = PrettyPrintingTests;
			sourceTree = "<group>";
		};
		83DEBEBA2B7BA12500821B4E /* PrettyPrintingUITests */ = {
			isa = PBXGroup;
			children = (
				83DEBEBB2B7BA12500821B4E /* PrettyPrintingUITests.swift */,
				83DEBEBD2B7BA12500821B4E /* PrettyPrintingUITestsLaunchTests.swift */,
			);
			path = PrettyPrintingUITests;
			sourceTree = "<group>";
		};
/* End PBXGroup section */

/* Begin PBXNativeTarget section */
		83DEBE9B2B7BA12300821B4E /* PrettyPrinting */ = {
			isa = PBXNativeTarget;
			buildConfigurationList = 83DEBEC12B7BA12500821B4E /* Build configuration list for PBXNativeTarget "PrettyPrinting" */;
			buildPhases = (
				83DEBE982B7BA12300821B4E /* Sources */,
				83DEBE992B7BA12300821B4E /* Frameworks */,
				83DEBE9A2B7BA12300821B4E /* Resources */,
			);
			buildRules = (
			);
			dependencies = (
			);
			name = PrettyPrinting;
			productName = PrettyPrinting;
			productReference = 83DEBE9C2B7BA12300821B4E /* PrettyPrinting.app */;
			productType = "com.apple.product-type.application";
		};
		83DEBEAC2B7BA12500821B4E /* PrettyPrintingTests */ = {
			isa = PBXNativeTarget;
			buildConfigurationList = 83DEBEC42B7BA12500821B4E /* Build configuration list for PBXNativeTarget "PrettyPrintingTests" */;
			buildPhases = (
				83DEBEA92B7BA12500821B4E /* Sources */,
				83DEBEAA2B7BA12500821B4E /* Frameworks */,
				83DEBEAB2B7BA12500821B4E /* Resources */,
			);
			buildRules = (
			);
			dependencies = (
				83DEBEAF2B7BA12500821B4E /* PBXTargetDependency */,
			);
			name = PrettyPrintingTests;
			productName = PrettyPrintingTests;
			productReference = 83DEBEAD2B7BA12500821B4E /* PrettyPrintingTests.xctest */;
			productType = "com.apple.product-type.bundle.unit-test";
		};
		83DEBEB62B7BA12500821B4E /* PrettyPrintingUITests */ = {
			isa = PBXNativeTarget;
			buildConfigurationList = 83DEBEC72B7BA12500821B4E /* Build configuration list for PBXNativeTarget "PrettyPrintingUITests" */;
			buildPhases = (
				83DEBEB32B7BA12500821B4E /* Sources */,
				83DEBEB42B7BA12500821B4E /* Frameworks */,
				83DEBEB52B7BA12500821B4E /* Resources */,
			);
			buildRules = (
			);
			dependencies = (
				83DEBEB92B7BA12500821B4E /* PBXTargetDependency */,
			);
			name = PrettyPrintingUITests;
			productName = PrettyPrintingUITests;
			productReference = 83DEBEB72B7BA12500821B4E /* PrettyPrintingUITests.xctest */;
			productType = "com.apple.product-type.bundle.ui-testing";
		};
/* End PBXNativeTarget section */

/* Begin PBXProject section */
		83DEBE942B7BA12300821B4E /* Project object */ = {
			isa = PBXProject;
			attributes = {
				BuildIndependentTargetsInParallel = 1;
				LastSwiftUpdateCheck = 1520;
				LastUpgradeCheck = 1520;
				TargetAttributes = {
					83DEBE9B2B7BA12300821B4E = {
						CreatedOnToolsVersion = 15.2;
					};
					83DEBEAC2B7BA12500821B4E = {
						CreatedOnToolsVersion = 15.2;
						TestTargetID = 83DEBE9B2B7BA12300821B4E;
					};
					83DEBEB62B7BA12500821B4E = {
						CreatedOnToolsVersion = 15.2;
						TestTargetID = 83DEBE9B2B7BA12300821B4E;
					};
				};
			};
			buildConfigurationList = 83DEBE972B7BA12300821B4E /* Build configuration list for PBXProject "PrettyPrinting" */;
			compatibilityVersion = "Xcode 14.0";
			developmentRegion = en;
			hasScannedForEncodings = 0;
			knownRegions = (
				en,
				Base,
			);
			mainGroup = 83DEBE932B7BA12300821B4E;
			productRefGroup = 83DEBE9D2B7BA12300821B4E /* Products */;
			projectDirPath = "";
			projectRoot = "";
			targets = (
				83DEBE9B2B7BA12300821B4E /* PrettyPrinting */,
				83DEBEAC2B7BA12500821B4E /* PrettyPrintingTests */,
				83DEBEB62B7BA12500821B4E /* PrettyPrintingUITests */,
			);
		};
/* End PBXProject section */

/* Begin PBXResourcesBuildPhase section */
		83DEBE9A2B7BA12300821B4E /* Resources */ = {
			isa = PBXResourcesBuildPhase;
			buildActionMask = 2147483647;
			files = (
				83DEBEA82B7BA12400821B4E /* Preview Assets.xcassets in Resources */,
				83DEBEA42B7BA12400821B4E /* Assets.xcassets in Resources */,
			);
			runOnlyForDeploymentPostprocessing = 0;
		};
		83DEBEAB2B7BA12500821B4E /* Resources */ = {
			isa = PBXResourcesBuildPhase;
			buildActionMask = 2147483647;
			files = (
			);
			runOnlyForDeploymentPostprocessing = 0;
		};
		83DEBEB52B7BA12500821B4E /* Resources */ = {
			isa = PBXResourcesBuildPhase;
			buildActionMask = 2147483647;
			files = (
			);
			runOnlyForDeploymentPostprocessing = 0;
		};
/* End PBXResourcesBuildPhase section */

/* Begin PBXSourcesBuildPhase section */
		83DEBE982B7BA12300821B4E /* Sources */ = {
			isa = PBXSourcesBuildPhase;
			buildActionMask = 2147483647;
			files = (
				83DEBEA22B7BA12300821B4E /* ContentView.swift in Sources */,
				83DEBEA02B7BA12300821B4E /* PrettyPrintingApp.swift in Sources */,
			);
			runOnlyForDeploymentPostprocessing = 0;
		};
		83DEBEA92B7BA12500821B4E /* Sources */ = {
			isa = PBXSourcesBuildPhase;
			buildActionMask = 2147483647;
			files = (
				83DEBEB22B7BA12500821B4E /* PrettyPrintingTests.swift in Sources */,
			);
			runOnlyForDeploymentPostprocessing = 0;
		};
		83DEBEB32B7BA12500821B4E /* Sources */ = {
			isa = PBXSourcesBuildPhase;
			buildActionMask = 2147483647;
			files = (
				83DEBEBC2B7BA12500821B4E /* PrettyPrintingUITests.swift in Sources */,
				83DEBEBE2B7BA12500821B4E /* PrettyPrintingUITestsLaunchTests.swift in Sources */,
			);
			runOnlyForDeploymentPostprocessing = 0;
		};
/* End PBXSourcesBuildPhase section */

/* Begin PBXTargetDependency section */
		83DEBEAF2B7BA12500821B4E /* PBXTargetDependency */ = {
			isa = PBXTargetDependency;
			target = 83DEBE9B2B7BA12300821B4E /* PrettyPrinting */;
			targetProxy = 83DEBEAE2B7BA12500821B4E /* PBXContainerItemProxy */;
		};
		83DEBEB92B7BA12500821B4E /* PBXTargetDependency */ = {
			isa = PBXTargetDependency;
			target = 83DEBE9B2B7BA12300821B4E /* PrettyPrinting */;
			targetProxy = 83DEBEB82B7BA12500821B4E /* PBXContainerItemProxy */;
		};
/* End PBXTargetDependency section */

/* Begin XCBuildConfiguration section */
		83DEBEBF2B7BA12500821B4E /* Debug */ = {
			isa = XCBuildConfiguration;
			buildSettings = {
				ALWAYS_SEARCH_USER_PATHS = NO;
				ASSETCATALOG_COMPILER_GENERATE_SWIFT_ASSET_SYMBOL_EXTENSIONS = YES;
				CLANG_ANALYZER_NONNULL = YES;
				CLANG_ANALYZER_NUMBER_OBJECT_CONVERSION = YES_AGGRESSIVE;
				CLANG_CXX_LANGUAGE_STANDARD = "gnu++20";
				CLANG_ENABLE_MODULES = YES;
				CLANG_ENABLE_OBJC_ARC = YES;
				CLANG_ENABLE_OBJC_WEAK = YES;
				CLANG_WARN_BLOCK_CAPTURE_AUTORELEASING = YES;
				CLANG_WARN_BOOL_CONVERSION = YES;
				CLANG_WARN_COMMA = YES;
				CLANG_WARN_CONSTANT_CONVERSION = YES;
				CLANG_WARN_DEPRECATED_OBJC_IMPLEMENTATIONS = YES;
				CLANG_WARN_DIRECT_OBJC_ISA_USAGE = YES_ERROR;
				CLANG_WARN_DOCUMENTATION_COMMENTS = YES;
				CLANG_WARN_EMPTY_BODY = YES;
				CLANG_WARN_ENUM_CONVERSION = YES;
				CLANG_WARN_INFINITE_RECURSION = YES;
				CLANG_WARN_INT_CONVERSION = YES;
				CLANG_WARN_NON_LITERAL_NULL_CONVERSION = YES;
				CLANG_WARN_OBJC_IMPLICIT_RETAIN_SELF = YES;
				CLANG_WARN_OBJC_LITERAL_CONVERSION = YES;
				CLANG_WARN_OBJC_ROOT_CLASS = YES_ERROR;
				CLANG_WARN_QUOTED_INCLUDE_IN_FRAMEWORK_HEADER = YES;
				CLANG_WARN_RANGE_LOOP_ANALYSIS = YES;
				CLANG_WARN_STRICT_PROTOTYPES = YES;
				CLANG_WARN_SUSPICIOUS_MOVE = YES;
				CLANG_WARN_UNGUARDED_AVAILABILITY = YES_AGGRESSIVE;
				CLANG_WARN_UNREACHABLE_CODE = YES;
				CLANG_WARN__DUPLICATE_METHOD_MATCH = YES;
				COPY_PHASE_STRIP = NO;
				DEBUG_INFORMATION_FORMAT = dwarf;
				ENABLE_STRICT_OBJC_MSGSEND = YES;
				ENABLE_TESTABILITY = YES;
				ENABLE_USER_SCRIPT_SANDBOXING = YES;
				GCC_C_LANGUAGE_STANDARD = gnu17;
				GCC_DYNAMIC_NO_PIC = NO;
				GCC_NO_COMMON_BLOCKS = YES;
				GCC_OPTIMIZATION_LEVEL = 0;
				GCC_PREPROCESSOR_DEFINITIONS = (
					"DEBUG=1",
					"$(inherited)",
				);
				GCC_WARN_64_TO_32_BIT_CONVERSION = YES;
				GCC_WARN_ABOUT_RETURN_TYPE = YES_ERROR;
				GCC_WARN_UNDECLARED_SELECTOR = YES;
				GCC_WARN_UNINITIALIZED_AUTOS = YES_AGGRESSIVE;
				GCC_WARN_UNUSED_FUNCTION = YES;
				GCC_WARN_UNUSED_VARIABLE = YES;
				LOCALIZATION_PREFERS_STRING_CATALOGS = YES;
				MTL_ENABLE_DEBUG_INFO = INCLUDE_SOURCE;
				MTL_FAST_MATH = YES;
				ONLY_ACTIVE_ARCH = YES;
				SWIFT_ACTIVE_COMPILATION_CONDITIONS = "DEBUG $(inherited)";
				SWIFT_OPTIMIZATION_LEVEL = "-Onone";
			};
			name = Debug;
		};
		83DEBEC02B7BA12500821B4E /* Release */ = {
			isa = XCBuildConfiguration;
			buildSettings = {
				ALWAYS_SEARCH_USER_PATHS = NO;
				ASSETCATALOG_COMPILER_GENERATE_SWIFT_ASSET_SYMBOL_EXTENSIONS = YES;
				CLANG_ANALYZER_NONNULL = YES;
				CLANG_ANALYZER_NUMBER_OBJECT_CONVERSION = YES_AGGRESSIVE;
				CLANG_CXX_LANGUAGE_STANDARD = "gnu++20";
				CLANG_ENABLE_MODULES = YES;
				CLANG_ENABLE_OBJC_ARC = YES;
				CLANG_ENABLE_OBJC_WEAK = YES;
				CLANG_WARN_BLOCK_CAPTURE_AUTORELEASING = YES;
				CLANG_WARN_BOOL_CONVERSION = YES;
				CLANG_WARN_COMMA = YES;
				CLANG_WARN_CONSTANT_CONVERSION = YES;
				CLANG_WARN_DEPRECATED_OBJC_IMPLEMENTATIONS = YES;
				CLANG_WARN_DIRECT_OBJC_ISA_USAGE = YES_ERROR;
				CLANG_WARN_DOCUMENTATION_COMMENTS = YES;
				CLANG_WARN_EMPTY_BODY = YES;
				CLANG_WARN_ENUM_CONVERSION = YES;
				CLANG_WARN_INFINITE_RECURSION = YES;
				CLANG_WARN_INT_CONVERSION = YES;
				CLANG_WARN_NON_LITERAL_NULL_CONVERSION = YES;
				CLANG_WARN_OBJC_IMPLICIT_RETAIN_SELF = YES;
				CLANG_WARN_OBJC_LITERAL_CONVERSION = YES;
				CLANG_WARN_OBJC_ROOT_CLASS = YES_ERROR;
				CLANG_WARN_QUOTED_INCLUDE_IN_FRAMEWORK_HEADER = YES;
				CLANG_WARN_RANGE_LOOP_ANALYSIS = YES;
				CLANG_WARN_STRICT_PROTOTYPES = YES;
				CLANG_WARN_SUSPICIOUS_MOVE = YES;
				CLANG_WARN_UNGUARDED_AVAILABILITY = YES_AGGRESSIVE;
				CLANG_WARN_UNREACHABLE_CODE = YES;
				CLANG_WARN__DUPLICATE_METHOD_MATCH = YES;
				COPY_PHASE_STRIP = NO;
				DEBUG_INFORMATION_FORMAT = "dwarf-with-dsym";
				ENABLE_NS_ASSERTIONS = NO;
				ENABLE_STRICT_OBJC_MSGSEND = YES;
				ENABLE_USER_SCRIPT_SANDBOXING = YES;
				GCC_C_LANGUAGE_STANDARD = gnu17;
				GCC_NO_COMMON_BLOCKS = YES;
				GCC_WARN_64_TO_32_BIT_CONVERSION = YES;
				GCC_WARN_ABOUT_RETURN_TYPE = YES_ERROR;
				GCC_WARN_UNDECLARED_SELECTOR = YES;
				GCC_WARN_UNINITIALIZED_AUTOS = YES_AGGRESSIVE;
				GCC_WARN_UNUSED_FUNCTION = YES;
				GCC_WARN_UNUSED_VARIABLE = YES;
				LOCALIZATION_PREFERS_STRING_CATALOGS = YES;
				MTL_ENABLE_DEBUG_INFO = NO;
				MTL_FAST_MATH = YES;
				SWIFT_COMPILATION_MODE = wholemodule;
			};
			name = Release;
		};
		83DEBEC22B7BA12500821B4E /* Debug */ = {
			isa = XCBuildConfiguration;
			buildSettings = {
				ASSETCATALOG_COMPILER_APPICON_NAME = AppIcon;
				ASSETCATALOG_COMPILER_GLOBAL_ACCENT_COLOR_NAME = AccentColor;
				CODE_SIGN_ENTITLEMENTS = PrettyPrinting/PrettyPrinting.entitlements;
				CODE_SIGN_STYLE = Automatic;
				CURRENT_PROJECT_VERSION = 1;
				DEVELOPMENT_ASSET_PATHS = "\"PrettyPrinting/Preview Content\"";
				DEVELOPMENT_TEAM = SL7736T2Z4;
				ENABLE_HARDENED_RUNTIME = YES;
				ENABLE_PREVIEWS = YES;
				GENERATE_INFOPLIST_FILE = YES;
				"INFOPLIST_KEY_UIApplicationSceneManifest_Generation[sdk=iphoneos*]" = YES;
				"INFOPLIST_KEY_UIApplicationSceneManifest_Generation[sdk=iphonesimulator*]" = YES;
				"INFOPLIST_KEY_UIApplicationSupportsIndirectInputEvents[sdk=iphoneos*]" = YES;
				"INFOPLIST_KEY_UIApplicationSupportsIndirectInputEvents[sdk=iphonesimulator*]" = YES;
				"INFOPLIST_KEY_UILaunchScreen_Generation[sdk=iphoneos*]" = YES;
				"INFOPLIST_KEY_UILaunchScreen_Generation[sdk=iphonesimulator*]" = YES;
				"INFOPLIST_KEY_UIStatusBarStyle[sdk=iphoneos*]" = UIStatusBarStyleDefault;
				"INFOPLIST_KEY_UIStatusBarStyle[sdk=iphonesimulator*]" = UIStatusBarStyleDefault;
				INFOPLIST_KEY_UISupportedInterfaceOrientations_iPad = "UIInterfaceOrientationPortrait UIInterfaceOrientationPortraitUpsideDown UIInterfaceOrientationLandscapeLeft UIInterfaceOrientationLandscapeRight";
				INFOPLIST_KEY_UISupportedInterfaceOrientations_iPhone = "UIInterfaceOrientationPortrait UIInterfaceOrientationLandscapeLeft UIInterfaceOrientationLandscapeRight";
				IPHONEOS_DEPLOYMENT_TARGET = 17.2;
				LD_RUNPATH_SEARCH_PATHS = "@executable_path/Frameworks";
				"LD_RUNPATH_SEARCH_PATHS[sdk=macosx*]" = "@executable_path/../Frameworks";
				MACOSX_DEPLOYMENT_TARGET = 14.1;
				MARKETING_VERSION = 1.0;
				PRODUCT_BUNDLE_IDENTIFIER = nl.chriseidhof.PrettyPrinting;
				PRODUCT_NAME = "$(TARGET_NAME)";
				SDKROOT = auto;
				SUPPORTED_PLATFORMS = "iphoneos iphonesimulator macosx";
				SWIFT_EMIT_LOC_STRINGS = YES;
				SWIFT_VERSION = 5.0;
				TARGETED_DEVICE_FAMILY = "1,2";
			};
			name = Debug;
		};
		83DEBEC32B7BA12500821B4E /* Release */ = {
			isa = XCBuildConfiguration;
			buildSettings = {
				ASSETCATALOG_COMPILER_APPICON_NAME = AppIcon;
				ASSETCATALOG_COMPILER_GLOBAL_ACCENT_COLOR_NAME = AccentColor;
				CODE_SIGN_ENTITLEMENTS = PrettyPrinting/PrettyPrinting.entitlements;
				CODE_SIGN_STYLE = Automatic;
				CURRENT_PROJECT_VERSION = 1;
				DEVELOPMENT_ASSET_PATHS = "\"PrettyPrinting/Preview Content\"";
				DEVELOPMENT_TEAM = SL7736T2Z4;
				ENABLE_HARDENED_RUNTIME = YES;
				ENABLE_PREVIEWS = YES;
				GENERATE_INFOPLIST_FILE = YES;
				"INFOPLIST_KEY_UIApplicationSceneManifest_Generation[sdk=iphoneos*]" = YES;
				"INFOPLIST_KEY_UIApplicationSceneManifest_Generation[sdk=iphonesimulator*]" = YES;
				"INFOPLIST_KEY_UIApplicationSupportsIndirectInputEvents[sdk=iphoneos*]" = YES;
				"INFOPLIST_KEY_UIApplicationSupportsIndirectInputEvents[sdk=iphonesimulator*]" = YES;
				"INFOPLIST_KEY_UILaunchScreen_Generation[sdk=iphoneos*]" = YES;
				"INFOPLIST_KEY_UILaunchScreen_Generation[sdk=iphonesimulator*]" = YES;
				"INFOPLIST_KEY_UIStatusBarStyle[sdk=iphoneos*]" = UIStatusBarStyleDefault;
				"INFOPLIST_KEY_UIStatusBarStyle[sdk=iphonesimulator*]" = UIStatusBarStyleDefault;
				INFOPLIST_KEY_UISupportedInterfaceOrientations_iPad = "UIInterfaceOrientationPortrait UIInterfaceOrientationPortraitUpsideDown UIInterfaceOrientationLandscapeLeft UIInterfaceOrientationLandscapeRight";
				INFOPLIST_KEY_UISupportedInterfaceOrientations_iPhone = "UIInterfaceOrientationPortrait UIInterfaceOrientationLandscapeLeft UIInterfaceOrientationLandscapeRight";
				IPHONEOS_DEPLOYMENT_TARGET = 17.2;
				LD_RUNPATH_SEARCH_PATHS = "@executable_path/Frameworks";
				"LD_RUNPATH_SEARCH_PATHS[sdk=macosx*]" = "@executable_path/../Frameworks";
				MACOSX_DEPLOYMENT_TARGET = 14.1;
				MARKETING_VERSION = 1.0;
				PRODUCT_BUNDLE_IDENTIFIER = nl.chriseidhof.PrettyPrinting;
				PRODUCT_NAME = "$(TARGET_NAME)";
				SDKROOT = auto;
				SUPPORTED_PLATFORMS = "iphoneos iphonesimulator macosx";
				SWIFT_EMIT_LOC_STRINGS = YES;
				SWIFT_VERSION = 5.0;
				TARGETED_DEVICE_FAMILY = "1,2";
			};
			name = Release;
		};
		83DEBEC52B7BA12500821B4E /* Debug */ = {
			isa = XCBuildConfiguration;
			buildSettings = {
				ALWAYS_EMBED_SWIFT_STANDARD_LIBRARIES = YES;
				BUNDLE_LOADER = "$(TEST_HOST)";
				CODE_SIGN_STYLE = Automatic;
				CURRENT_PROJECT_VERSION = 1;
				DEVELOPMENT_TEAM = SL7736T2Z4;
				GENERATE_INFOPLIST_FILE = YES;
				IPHONEOS_DEPLOYMENT_TARGET = 17.2;
				MACOSX_DEPLOYMENT_TARGET = 14.1;
				MARKETING_VERSION = 1.0;
				PRODUCT_BUNDLE_IDENTIFIER = nl.chriseidhof.PrettyPrintingTests;
				PRODUCT_NAME = "$(TARGET_NAME)";
				SDKROOT = auto;
				SUPPORTED_PLATFORMS = "iphoneos iphonesimulator macosx";
				SWIFT_EMIT_LOC_STRINGS = NO;
				SWIFT_VERSION = 5.0;
				TARGETED_DEVICE_FAMILY = "1,2";
				TEST_HOST = "$(BUILT_PRODUCTS_DIR)/PrettyPrinting.app/$(BUNDLE_EXECUTABLE_FOLDER_PATH)/PrettyPrinting";
			};
			name = Debug;
		};
		83DEBEC62B7BA12500821B4E /* Release */ = {
			isa = XCBuildConfiguration;
			buildSettings = {
				ALWAYS_EMBED_SWIFT_STANDARD_LIBRARIES = YES;
				BUNDLE_LOADER = "$(TEST_HOST)";
				CODE_SIGN_STYLE = Automatic;
				CURRENT_PROJECT_VERSION = 1;
				DEVELOPMENT_TEAM = SL7736T2Z4;
				GENERATE_INFOPLIST_FILE = YES;
				IPHONEOS_DEPLOYMENT_TARGET = 17.2;
				MACOSX_DEPLOYMENT_TARGET = 14.1;
				MARKETING_VERSION = 1.0;
				PRODUCT_BUNDLE_IDENTIFIER = nl.chriseidhof.PrettyPrintingTests;
				PRODUCT_NAME = "$(TARGET_NAME)";
				SDKROOT = auto;
				SUPPORTED_PLATFORMS = "iphoneos iphonesimulator macosx";
				SWIFT_EMIT_LOC_STRINGS = NO;
				SWIFT_VERSION = 5.0;
				TARGETED_DEVICE_FAMILY = "1,2";
				TEST_HOST = "$(BUILT_PRODUCTS_DIR)/PrettyPrinting.app/$(BUNDLE_EXECUTABLE_FOLDER_PATH)/PrettyPrinting";
			};
			name = Release;
		};
		83DEBEC82B7BA12500821B4E /* Debug */ = {
			isa = XCBuildConfiguration;
			buildSettings = {
				ALWAYS_EMBED_SWIFT_STANDARD_LIBRARIES = YES;
				CODE_SIGN_STYLE = Automatic;
				CURRENT_PROJECT_VERSION = 1;
				DEVELOPMENT_TEAM = SL7736T2Z4;
				GENERATE_INFOPLIST_FILE = YES;
				IPHONEOS_DEPLOYMENT_TARGET = 17.2;
				MACOSX_DEPLOYMENT_TARGET = 14.1;
				MARKETING_VERSION = 1.0;
				PRODUCT_BUNDLE_IDENTIFIER = nl.chriseidhof.PrettyPrintingUITests;
				PRODUCT_NAME = "$(TARGET_NAME)";
				SDKROOT = auto;
				SUPPORTED_PLATFORMS = "iphoneos iphonesimulator macosx";
				SWIFT_EMIT_LOC_STRINGS = NO;
				SWIFT_VERSION = 5.0;
				TARGETED_DEVICE_FAMILY = "1,2";
				TEST_TARGET_NAME = PrettyPrinting;
			};
			name = Debug;
		};
		83DEBEC92B7BA12500821B4E /* Release */ = {
			isa = XCBuildConfiguration;
			buildSettings = {
				ALWAYS_EMBED_SWIFT_STANDARD_LIBRARIES = YES;
				CODE_SIGN_STYLE = Automatic;
				CURRENT_PROJECT_VERSION = 1;
				DEVELOPMENT_TEAM = SL7736T2Z4;
				GENERATE_INFOPLIST_FILE = YES;
				IPHONEOS_DEPLOYMENT_TARGET = 17.2;
				MACOSX_DEPLOYMENT_TARGET = 14.1;
				MARKETING_VERSION = 1.0;
				PRODUCT_BUNDLE_IDENTIFIER = nl.chriseidhof.PrettyPrintingUITests;
				PRODUCT_NAME = "$(TARGET_NAME)";
				SDKROOT = auto;
				SUPPORTED_PLATFORMS = "iphoneos iphonesimulator macosx";
				SWIFT_EMIT_LOC_STRINGS = NO;
				SWIFT_VERSION = 5.0;
				TARGETED_DEVICE_FAMILY = "1,2";
				TEST_TARGET_NAME = PrettyPrinting;
			};
			name = Release;
		};
/* End XCBuildConfiguration section */

/* Begin XCConfigurationList section */
		83DEBE972B7BA12300821B4E /* Build configuration list for PBXProject "PrettyPrinting" */ = {
			isa = XCConfigurationList;
			buildConfigurations = (
				83DEBEBF2B7BA12500821B4E /* Debug */,
				83DEBEC02B7BA12500821B4E /* Release */,
			);
			defaultConfigurationIsVisible = 0;
			defaultConfigurationName = Release;
		};
		83DEBEC12B7BA12500821B4E /* Build configuration list for PBXNativeTarget "PrettyPrinting" */ = {
			isa = XCConfigurationList;
			buildConfigurations = (
				83DEBEC22B7BA12500821B4E /* Debug */,
				83DEBEC32B7BA12500821B4E /* Release */,
			);
			defaultConfigurationIsVisible = 0;
			defaultConfigurationName = Release;
		};
		83DEBEC42B7BA12500821B4E /* Build configuration list for PBXNativeTarget "PrettyPrintingTests" */ = {
			isa = XCConfigurationList;
			buildConfigurations = (
				83DEBEC52B7BA12500821B4E /* Debug */,
				83DEBEC62B7BA12500821B4E /* Release */,
			);
			defaultConfigurationIsVisible = 0;
			defaultConfigurationName = Release;
		};
		83DEBEC72B7BA12500821B4E /* Build configuration list for PBXNativeTarget "PrettyPrintingUITests" */ = {
			isa = XCConfigurationList;
			buildConfigurations = (
				83DEBEC82B7BA12500821B4E /* Debug */,
				83DEBEC92B7BA12500821B4E /* Release */,
			);
			defaultConfigurationIsVisible = 0;
			defaultConfigurationName = Release;
		};
/* End XCConfigurationList section */
	};
	rootObject = 83DEBE942B7BA12300821B4E /* Project object */;
}
